
Microsoft Visual Studio Solution File, Format Version 12.00
# Visual Studio Version 17
VisualStudioVersion = 17.8.34330.188
MinimumVisualStudioVersion = 10.0.40219.1
Project("{FAE04EC0-301F-11D3-BF4B-00C04F79EFBC}") = "MorePlanningExportRewritten", "MorePlanningExportRewritten.csproj", "{7BE7B47E-BD55-42A5-A2DF-75B471A1FB56}"
EndProject
Global
	GlobalSection(SolutionConfigurationPlatforms) = preSolution
		1.4|Any CPU = 1.4|Any CPU
		1.5|Any CPU = 1.5|Any CPU
	EndGlobalSection
	GlobalSection(ProjectConfigurationPlatforms) = postSolution
		{7BE7B47E-BD55-42A5-A2DF-75B471A1FB56}.1.4|Any CPU.ActiveCfg = 1.4|Any CPU
		{7BE7B47E-BD55-42A5-A2DF-75B471A1FB56}.1.4|Any CPU.Build.0 = 1.4|Any CPU
		{7BE7B47E-BD55-42A5-A2DF-75B471A1FB56}.1.5|Any CPU.ActiveCfg = 1.5|Any CPU
		{7BE7B47E-BD55-42A5-A2DF-75B471A1FB56}.1.5|Any CPU.Build.0 = 1.5|Any CPU
	EndGlobalSection
	GlobalSection(SolutionProperties) = preSolution
		HideSolutionNode = FALSE
	EndGlobalSection
	GlobalSection(ExtensibilityGlobals) = postSolution
		SolutionGuid = {FE3730AF-09F9-4436-AD5D-AD0C4D407911}
	EndGlobalSection
EndGlobal
